
Microsoft Visual Studio Solution File, Format Version 12.00
# Visual Studio Version 17
VisualStudioVersion = 17.0.31903.59
MinimumVisualStudioVersion = 10.0.40219.1
Project("{2150E333-8FDC-42A3-9474-1A3956D46DE8}") = "tests", "tests", "{344D2D82-8C89-43A4-9C08-7D8424A586B2}"
EndProject
Project("{FAE04EC0-301F-11D3-BF4B-00C04F79EFBC}") = "EnviroEquipment.Tests", "tests\EnviroEquipment.Tests\EnviroEquipment.Tests.csproj", "{8F1CF017-2C97-4223-BDBE-7D47780A3734}"
EndProject
Project("{2150E333-8FDC-42A3-9474-1A3956D46DE8}") = "src", "src", "{C38DE23F-5016-4A6C-BA91-9EB6B43F0B9C}"
EndProject
Project("{FAE04EC0-301F-11D3-BF4B-00C04F79EFBC}") = "SiemensS7Demo.Core", "src\SiemensS7Demo.Core\SiemensS7Demo.Core.csproj", "{7161B02C-02CD-4F4F-8017-112C8583F818}"
EndProject
Project("{FAE04EC0-301F-11D3-BF4B-00C04F79EFBC}") = "SiemensS7Demo.ConsoleHost", "src\SiemensS7Demo.ConsoleHost\SiemensS7Demo.ConsoleHost.csproj", "{5993777D-A395-4116-836C-9BD5373263EC}"
EndProject
Project("{FAE04EC0-301F-11D3-BF4B-00C04F79EFBC}") = "SiemensS7Demo.Domain", "src\SiemensS7Demo.Domain\SiemensS7Demo.Domain.csproj", "{38D35AA0-1DC5-4D8C-AAB7-B1250025A161}"
EndProject
Project("{FAE04EC0-301F-11D3-BF4B-00C04F79EFBC}") = "SiemensS7Demo.App", "src\SiemensS7Demo.App\SiemensS7Demo.App.csproj", "{8ABC0CDE-F149-46C0-B272-ED6D891EDF5D}"
EndProject
Project("{FAE04EC0-301F-11D3-BF4B-00C04F79EFBC}") = "SiemensS7Demo.Wpf", "src\SiemensS7Demo.Wpf\SiemensS7Demo.Wpf.csproj", "{1667489A-D8D5-45E4-8D59-2E90AB2DBB62}"
EndProject
Project("{FAE04EC0-301F-11D3-BF4B-00C04F79EFBC}") = "EnviroEquipment.Wpf.Tests", "tests\EnviroEquipment.Wpf.Tests\EnviroEquipment.Wpf.Tests.csproj", "{BBBF949A-8E96-4562-821C-3B49E8122AAD}"
EndProject
Project("{FAE04EC0-301F-11D3-BF4B-00C04F79EFBC}") = "EnviroEquipment.App.Tests", "tests\EnviroEquipment.App.Tests\EnviroEquipment.App.Tests.csproj", "{BEEE9CA5-503E-4E3A-AFD7-86613ABA284C}"
EndProject
Global
	GlobalSection(SolutionConfigurationPlatforms) = preSolution
		Debug|Any CPU = Debug|Any CPU
		Release|Any CPU = Release|Any CPU
	EndGlobalSection
	GlobalSection(SolutionProperties) = preSolution
		HideSolutionNode = FALSE
	EndGlobalSection
	GlobalSection(ProjectConfigurationPlatforms) = postSolution
		{8F1CF017-2C97-4223-BDBE-7D47780A3734}.Debug|Any CPU.ActiveCfg = Debug|Any CPU
		{8F1CF017-2C97-4223-BDBE-7D47780A3734}.Debug|Any CPU.Build.0 = Debug|Any CPU
		{8F1CF017-2C97-4223-BDBE-7D47780A3734}.Release|Any CPU.ActiveCfg = Release|Any CPU
		{8F1CF017-2C97-4223-BDBE-7D47780A3734}.Release|Any CPU.Build.0 = Release|Any CPU
		{7161B02C-02CD-4F4F-8017-112C8583F818}.Debug|Any CPU.ActiveCfg = Debug|Any CPU
		{7161B02C-02CD-4F4F-8017-112C8583F818}.Debug|Any CPU.Build.0 = Debug|Any CPU
		{7161B02C-02CD-4F4F-8017-112C8583F818}.Release|Any CPU.ActiveCfg = Release|Any CPU
		{7161B02C-02CD-4F4F-8017-112C8583F818}.Release|Any CPU.Build.0 = Release|Any CPU
		{5993777D-A395-4116-836C-9BD5373263EC}.Debug|Any CPU.ActiveCfg = Debug|Any CPU
		{5993777D-A395-4116-836C-9BD5373263EC}.Debug|Any CPU.Build.0 = Debug|Any CPU
		{5993777D-A395-4116-836C-9BD5373263EC}.Release|Any CPU.ActiveCfg = Release|Any CPU
		{5993777D-A395-4116-836C-9BD5373263EC}.Release|Any CPU.Build.0 = Release|Any CPU
		{38D35AA0-1DC5-4D8C-AAB7-B1250025A161}.Debug|Any CPU.ActiveCfg = Debug|Any CPU
		{38D35AA0-1DC5-4D8C-AAB7-B1250025A161}.Debug|Any CPU.Build.0 = Debug|Any CPU
		{38D35AA0-1DC5-4D8C-AAB7-B1250025A161}.Release|Any CPU.ActiveCfg = Release|Any CPU
		{38D35AA0-1DC5-4D8C-AAB7-B1250025A161}.Release|Any CPU.Build.0 = Release|Any CPU
		{8ABC0CDE-F149-46C0-B272-ED6D891EDF5D}.Debug|Any CPU.ActiveCfg = Debug|Any CPU
		{8ABC0CDE-F149-46C0-B272-ED6D891EDF5D}.Debug|Any CPU.Build.0 = Debug|Any CPU
		{8ABC0CDE-F149-46C0-B272-ED6D891EDF5D}.Release|Any CPU.ActiveCfg = Release|Any CPU
		{8ABC0CDE-F149-46C0-B272-ED6D891EDF5D}.Release|Any CPU.Build.0 = Release|Any CPU
		{1667489A-D8D5-45E4-8D59-2E90AB2DBB62}.Debug|Any CPU.ActiveCfg = Debug|Any CPU
		{1667489A-D8D5-45E4-8D59-2E90AB2DBB62}.Debug|Any CPU.Build.0 = Debug|Any CPU
		{1667489A-D8D5-45E4-8D59-2E90AB2DBB62}.Release|Any CPU.ActiveCfg = Release|Any CPU
		{1667489A-D8D5-45E4-8D59-2E90AB2DBB62}.Release|Any CPU.Build.0 = Release|Any CPU
		{BBBF949A-8E96-4562-821C-3B49E8122AAD}.Debug|Any CPU.ActiveCfg = Debug|Any CPU
		{BBBF949A-8E96-4562-821C-3B49E8122AAD}.Debug|Any CPU.Build.0 = Debug|Any CPU
		{BBBF949A-8E96-4562-821C-3B49E8122AAD}.Release|Any CPU.ActiveCfg = Release|Any CPU
		{BBBF949A-8E96-4562-821C-3B49E8122AAD}.Release|Any CPU.Build.0 = Release|Any CPU
		{BEEE9CA5-503E-4E3A-AFD7-86613ABA284C}.Debug|Any CPU.ActiveCfg = Debug|Any CPU
		{BEEE9CA5-503E-4E3A-AFD7-86613ABA284C}.Debug|Any CPU.Build.0 = Debug|Any CPU
		{BEEE9CA5-503E-4E3A-AFD7-86613ABA284C}.Release|Any CPU.ActiveCfg = Release|Any CPU
		{BEEE9CA5-503E-4E3A-AFD7-86613ABA284C}.Release|Any CPU.Build.0 = Release|Any CPU
	EndGlobalSection
	GlobalSection(NestedProjects) = preSolution
		{8F1CF017-2C97-4223-BDBE-7D47780A3734} = {344D2D82-8C89-43A4-9C08-7D8424A586B2}
		{7161B02C-02CD-4F4F-8017-112C8583F818} = {C38DE23F-5016-4A6C-BA91-9EB6B43F0B9C}
		{5993777D-A395-4116-836C-9BD5373263EC} = {C38DE23F-5016-4A6C-BA91-9EB6B43F0B9C}
		{38D35AA0-1DC5-4D8C-AAB7-B1250025A161} = {C38DE23F-5016-4A6C-BA91-9EB6B43F0B9C}
		{8ABC0CDE-F149-46C0-B272-ED6D891EDF5D} = {C38DE23F-5016-4A6C-BA91-9EB6B43F0B9C}
		{1667489A-D8D5-45E4-8D59-2E90AB2DBB62} = {C38DE23F-5016-4A6C-BA91-9EB6B43F0B9C}
		{BBBF949A-8E96-4562-821C-3B49E8122AAD} = {344D2D82-8C89-43A4-9C08-7D8424A586B2}
		{BEEE9CA5-503E-4E3A-AFD7-86613ABA284C} = {344D2D82-8C89-43A4-9C08-7D8424A586B2}
	EndGlobalSection
EndGlobal
